
Microsoft Visual Studio Solution File, Format Version 12.00
# Visual Studio 15
VisualStudioVersion = 15.0.28307.421
MinimumVisualStudioVersion = 10.0.40219.1
Project("{FAE04EC0-301F-11D3-BF4B-00C04F79EFBC}") = "CarlBlack", "CarlBlack\CarlBlack.csproj", "{66AB77F6-4365-4FF4-9847-FCE4E06C741C}"
EndProject
Global
	GlobalSection(SolutionConfigurationPlatforms) = preSolution
		Debug|Any CPU = Debug|Any CPU
		Release|Any CPU = Release|Any CPU
	EndGlobalSection
	GlobalSection(ProjectConfigurationPlatforms) = postSolution
		{66AB77F6-4365-4FF4-9847-FCE4E06C741C}.Debug|Any CPU.ActiveCfg = Debug|Any CPU
		{66AB77F6-4365-4FF4-9847-FCE4E06C741C}.Debug|Any CPU.Build.0 = Debug|Any CPU
		{66AB77F6-4365-4FF4-9847-FCE4E06C741C}.Debug|Any CPU.Deploy.0 = Debug|Any CPU
		{66AB77F6-4365-4FF4-9847-FCE4E06C741C}.Release|Any CPU.ActiveCfg = Release|Any CPU
		{66AB77F6-4365-4FF4-9847-FCE4E06C741C}.Release|Any CPU.Build.0 = Release|Any CPU
		{66AB77F6-4365-4FF4-9847-FCE4E06C741C}.Release|Any CPU.Deploy.0 = Release|Any CPU
	EndGlobalSection
	GlobalSection(SolutionProperties) = preSolution
		HideSolutionNode = FALSE
	EndGlobalSection
	GlobalSection(ExtensibilityGlobals) = postSolution
		SolutionGuid = {EA08D2B5-8191-4499-A44B-01E2D24EFA2A}
	EndGlobalSection
EndGlobal
